
Microsoft Visual Studio Solution File, Format Version 12.00
# Visual Studio 15
VisualStudioVersion = 15.0.27703.2000
MinimumVisualStudioVersion = 10.0.40219.1
Project("{8BC9CEB8-8B4A-11D0-8D11-00A0C91BC942}") = "DemoLinkedList", "DemoLinkedList\DemoLinkedList.vcxproj", "{EC8B19CD-E3E9-455B-8317-BFA098F0DD01}"
EndProject
Project("{8BC9CEB8-8B4A-11D0-8D11-00A0C91BC942}") = "DoubleLinkedList", "DoubleLinkedList\DoubleLinkedList.vcxproj", "{2CD18653-0CEC-4630-A53A-07CC9378EB25}"
EndProject
Project("{8BC9CEB8-8B4A-11D0-8D11-00A0C91BC942}") = "ArrayListDemo", "ArrayListDemo\ArrayListDemo\ArrayListDemo.vcxproj", "{477A92DF-011B-47E7-B4A8-E5062E83D28E}"
EndProject
Project("{8BC9CEB8-8B4A-11D0-8D11-00A0C91BC942}") = "Tencent", "Tencent\Tencent.vcxproj", "{B9864178-7909-4ADB-95A2-C5B1CC87126C}"
EndProject
Project("{8BC9CEB8-8B4A-11D0-8D11-00A0C91BC942}") = "CycleLinkedList", "CycleLinkedList\CycleLinkedList.vcxproj", "{3B730356-E00C-4F7D-8F38-B7AC37CE249D}"
EndProject
Project("{8BC9CEB8-8B4A-11D0-8D11-00A0C91BC942}") = "TestProject", "TestProject\TestProject.vcxproj", "{D898BB6D-AE34-4C1C-B34F-08C5B64BC521}"
EndProject
Global
	GlobalSection(SolutionConfigurationPlatforms) = preSolution
		Debug|x64 = Debug|x64
		Debug|x86 = Debug|x86
		Release|x64 = Release|x64
		Release|x86 = Release|x86
	EndGlobalSection
	GlobalSection(ProjectConfigurationPlatforms) = postSolution
		{EC8B19CD-E3E9-455B-8317-BFA098F0DD01}.Debug|x64.ActiveCfg = Debug|x64
		{EC8B19CD-E3E9-455B-8317-BFA098F0DD01}.Debug|x64.Build.0 = Debug|x64
		{EC8B19CD-E3E9-455B-8317-BFA098F0DD01}.Debug|x86.ActiveCfg = Debug|Win32
		{EC8B19CD-E3E9-455B-8317-BFA098F0DD01}.Debug|x86.Build.0 = Debug|Win32
		{EC8B19CD-E3E9-455B-8317-BFA098F0DD01}.Release|x64.ActiveCfg = Release|x64
		{EC8B19CD-E3E9-455B-8317-BFA098F0DD01}.Release|x64.Build.0 = Release|x64
		{EC8B19CD-E3E9-455B-8317-BFA098F0DD01}.Release|x86.ActiveCfg = Release|Win32
		{EC8B19CD-E3E9-455B-8317-BFA098F0DD01}.Release|x86.Build.0 = Release|Win32
		{2CD18653-0CEC-4630-A53A-07CC9378EB25}.Debug|x64.ActiveCfg = Debug|x64
		{2CD18653-0CEC-4630-A53A-07CC9378EB25}.Debug|x64.Build.0 = Debug|x64
		{2CD18653-0CEC-4630-A53A-07CC9378EB25}.Debug|x86.ActiveCfg = Debug|Win32
		{2CD18653-0CEC-4630-A53A-07CC9378EB25}.Debug|x86.Build.0 = Debug|Win32
		{2CD18653-0CEC-4630-A53A-07CC9378EB25}.Release|x64.ActiveCfg = Release|x64
		{2CD18653-0CEC-4630-A53A-07CC9378EB25}.Release|x64.Build.0 = Release|x64
		{2CD18653-0CEC-4630-A53A-07CC9378EB25}.Release|x86.ActiveCfg = Release|Win32
		{2CD18653-0CEC-4630-A53A-07CC9378EB25}.Release|x86.Build.0 = Release|Win32
		{477A92DF-011B-47E7-B4A8-E5062E83D28E}.Debug|x64.ActiveCfg = Debug|x64
		{477A92DF-011B-47E7-B4A8-E5062E83D28E}.Debug|x64.Build.0 = Debug|x64
		{477A92DF-011B-47E7-B4A8-E5062E83D28E}.Debug|x86.ActiveCfg = Debug|Win32
		{477A92DF-011B-47E7-B4A8-E5062E83D28E}.Debug|x86.Build.0 = Debug|Win32
		{477A92DF-011B-47E7-B4A8-E5062E83D28E}.Release|x64.ActiveCfg = Release|x64
		{477A92DF-011B-47E7-B4A8-E5062E83D28E}.Release|x64.Build.0 = Release|x64
		{477A92DF-011B-47E7-B4A8-E5062E83D28E}.Release|x86.ActiveCfg = Release|Win32
		{477A92DF-011B-47E7-B4A8-E5062E83D28E}.Release|x86.Build.0 = Release|Win32
		{B9864178-7909-4ADB-95A2-C5B1CC87126C}.Debug|x64.ActiveCfg = Debug|x64
		{B9864178-7909-4ADB-95A2-C5B1CC87126C}.Debug|x64.Build.0 = Debug|x64
		{B9864178-7909-4ADB-95A2-C5B1CC87126C}.Debug|x86.ActiveCfg = Debug|Win32
		{B9864178-7909-4ADB-95A2-C5B1CC87126C}.Debug|x86.Build.0 = Debug|Win32
		{B9864178-7909-4ADB-95A2-C5B1CC87126C}.Release|x64.ActiveCfg = Release|x64
		{B9864178-7909-4ADB-95A2-C5B1CC87126C}.Release|x64.Build.0 = Release|x64
		{B9864178-7909-4ADB-95A2-C5B1CC87126C}.Release|x86.ActiveCfg = Release|Win32
		{B9864178-7909-4ADB-95A2-C5B1CC87126C}.Release|x86.Build.0 = Release|Win32
		{3B730356-E00C-4F7D-8F38-B7AC37CE249D}.Debug|x64.ActiveCfg = Debug|x64
		{3B730356-E00C-4F7D-8F38-B7AC37CE249D}.Debug|x64.Build.0 = Debug|x64
		{3B730356-E00C-4F7D-8F38-B7AC37CE249D}.Debug|x86.ActiveCfg = Debug|Win32
		{3B730356-E00C-4F7D-8F38-B7AC37CE249D}.Debug|x86.Build.0 = Debug|Win32
		{3B730356-E00C-4F7D-8F38-B7AC37CE249D}.Release|x64.ActiveCfg = Release|x64
		{3B730356-E00C-4F7D-8F38-B7AC37CE249D}.Release|x64.Build.0 = Release|x64
		{3B730356-E00C-4F7D-8F38-B7AC37CE249D}.Release|x86.ActiveCfg = Release|Win32
		{3B730356-E00C-4F7D-8F38-B7AC37CE249D}.Release|x86.Build.0 = Release|Win32
		{D898BB6D-AE34-4C1C-B34F-08C5B64BC521}.Debug|x64.ActiveCfg = Debug|x64
		{D898BB6D-AE34-4C1C-B34F-08C5B64BC521}.Debug|x64.Build.0 = Debug|x64
		{D898BB6D-AE34-4C1C-B34F-08C5B64BC521}.Debug|x86.ActiveCfg = Debug|Win32
		{D898BB6D-AE34-4C1C-B34F-08C5B64BC521}.Debug|x86.Build.0 = Debug|Win32
		{D898BB6D-AE34-4C1C-B34F-08C5B64BC521}.Release|x64.ActiveCfg = Release|x64
		{D898BB6D-AE34-4C1C-B34F-08C5B64BC521}.Release|x64.Build.0 = Release|x64
		{D898BB6D-AE34-4C1C-B34F-08C5B64BC521}.Release|x86.ActiveCfg = Release|Win32
		{D898BB6D-AE34-4C1C-B34F-08C5B64BC521}.Release|x86.Build.0 = Release|Win32
	EndGlobalSection
	GlobalSection(SolutionProperties) = preSolution
		HideSolutionNode = FALSE
	EndGlobalSection
	GlobalSection(ExtensibilityGlobals) = postSolution
		SolutionGuid = {6DAFBD01-6735-45F2-B1B2-95909F64ABC1}
	EndGlobalSection
EndGlobal
